// !$*UTF8*$!
{
	archiveVersion = 1;
	classes = {
	};
	objectVersion = 46;
	objects = {

/* Begin PBXBuildFile section */
		9727245D1C91DEF100A9649C /* main.m in Sources */ = {isa = PBXBuildFile; fileRef = 9727245C1C91DEF100A9649C /* main.m */; };
		972724681C91E07400A9649C /* SortArray.m in Sources */ = {isa = PBXBuildFile; fileRef = 972724671C91E07400A9649C /* SortArray.m */; };
		975B18431C92392A00384AB0 /* NSMutableArray+Sorting.m in Sources */ = {isa = PBXBuildFile; fileRef = 975B18421C92392A00384AB0 /* NSMutableArray+Sorting.m */; };
/* End PBXBuildFile section */

/* Begin PBXCopyFilesBuildPhase section */
		972724571C91DEF100A9649C /* CopyFiles */ = {
			isa = PBXCopyFilesBuildPhase;
			buildActionMask = 2147483647;
			dstPath = /usr/share/man/man1/;
			dstSubfolderSpec = 0;
			files = (
			);
			runOnlyForDeploymentPostprocessing = 1;
		};
/* End PBXCopyFilesBuildPhase section */

/* Begin PBXFileReference section */
		972724591C91DEF100A9649C /* Sort Array */ = {isa = PBXFileReference; explicitFileType = "compiled.mach-o.executable"; includeInIndex = 0; path = "Sort Array"; sourceTree = BUILT_PRODUCTS_DIR; };
		9727245C1C91DEF100A9649C /* main.m */ = {isa = PBXFileReference; lastKnownFileType = sourcecode.c.objc; path = main.m; sourceTree = "<group>"; };
		972724661C91E07400A9649C /* SortArray.h */ = {isa = PBXFileReference; fileEncoding = 4; lastKnownFileType = sourcecode.c.h; path = SortArray.h; sourceTree = "<group>"; };
		972724671C91E07400A9649C /* SortArray.m */ = {isa = PBXFileReference; fileEncoding = 4; lastKnownFileType = sourcecode.c.objc; path = SortArray.m; sourceTree = "<group>"; };
		975B18411C92392A00384AB0 /* NSMutableArray+Sorting.h */ = {isa = PBXFileReference; fileEncoding = 4; lastKnownFileType = sourcecode.c.h; path = "NSMutableArray+Sorting.h"; sourceTree = "<group>"; };
		975B18421C92392A00384AB0 /* NSMutableArray+Sorting.m */ = {isa = PBXFileReference; fileEncoding = 4; lastKnownFileType = sourcecode.c.objc; path = "NSMutableArray+Sorting.m"; sourceTree = "<group>"; };
/* End PBXFileReference section */

/* Begin PBXFrameworksBuildPhase section */
		972724561C91DEF100A9649C /* Frameworks */ = {
			isa = PBXFrameworksBuildPhase;
			buildActionMask = 2147483647;
			files = (
			);
			runOnlyForDeploymentPostprocessing = 0;
		};
/* End PBXFrameworksBuildPhase section */

/* Begin PBXGroup section */
		972724501C91DEF100A9649C = {
			isa = PBXGroup;
			children = (
				9727245B1C91DEF100A9649C /* Sort Array */,
				9727245A1C91DEF100A9649C /* Products */,
			);
			sourceTree = "<group>";
		};
		9727245A1C91DEF100A9649C /* Products */ = {
			isa = PBXGroup;
			children = (
				972724591C91DEF100A9649C /* Sort Array */,
			);
			name = Products;
			sourceTree = "<group>";
		};
		9727245B1C91DEF100A9649C /* Sort Array */ = {
			isa = PBXGroup;
			children = (
				9727245C1C91DEF100A9649C /* main.m */,
				975B18411C92392A00384AB0 /* NSMutableArray+Sorting.h */,
				975B18421C92392A00384AB0 /* NSMutableArray+Sorting.m */,
				972724661C91E07400A9649C /* SortArray.h */,
				972724671C91E07400A9649C /* SortArray.m */,
			);
			path = "Sort Array";
			sourceTree = "<group>";
		};
/* End PBXGroup section */

/* Begin PBXNativeTarget section */
		972724581C91DEF100A9649C /* Sort Array */ = {
			isa = PBXNativeTarget;
			buildConfigurationList = 972724601C91DEF100A9649C /* Build configuration list for PBXNativeTarget "Sort Array" */;
			buildPhases = (
				972724551C91DEF100A9649C /* Sources */,
				972724561C91DEF100A9649C /* Frameworks */,
				972724571C91DEF100A9649C /* CopyFiles */,
			);
			buildRules = (
			);
			dependencies = (
			);
			name = "Sort Array";
			productName = "Sort Array";
			productReference = 972724591C91DEF100A9649C /* Sort Array */;
			productType = "com.apple.product-type.tool";
		};
/* End PBXNativeTarget section */

/* Begin PBXProject section */
		972724511C91DEF100A9649C /* Project object */ = {
			isa = PBXProject;
			attributes = {
				LastUpgradeCheck = 0710;
				ORGANIZATIONNAME = "Belén Molina del Campo";
				TargetAttributes = {
					972724581C91DEF100A9649C = {
						CreatedOnToolsVersion = 7.1.1;
					};
				};
			};
			buildConfigurationList = 972724541C91DEF100A9649C /* Build configuration list for PBXProject "Sort Array" */;
			compatibilityVersion = "Xcode 3.2";
			developmentRegion = English;
			hasScannedForEncodings = 0;
			knownRegions = (
				en,
			);
			mainGroup = 972724501C91DEF100A9649C;
			productRefGroup = 9727245A1C91DEF100A9649C /* Products */;
			projectDirPath = "";
			projectRoot = "";
			targets = (
				972724581C91DEF100A9649C /* Sort Array */,
			);
		};
/* End PBXProject section */

/* Begin PBXSourcesBuildPhase section */
		972724551C91DEF100A9649C /* Sources */ = {
			isa = PBXSourcesBuildPhase;
			buildActionMask = 2147483647;
			files = (
				975B18431C92392A00384AB0 /* NSMutableArray+Sorting.m in Sources */,
				9727245D1C91DEF100A9649C /* main.m in Sources */,
				972724681C91E07400A9649C /* SortArray.m in Sources */,
			);
			runOnlyForDeploymentPostprocessing = 0;
		};
/* End PBXSourcesBuildPhase section */

/* Begin XCBuildConfiguration section */
		9727245E1C91DEF100A9649C /* Debug */ = {
			isa = XCBuildConfiguration;
			buildSettings = {
				ALWAYS_SEARCH_USER_PATHS = NO;
				CLANG_CXX_LANGUAGE_STANDARD = "gnu++0x";
				CLANG_CXX_LIBRARY = "libc++";
				CLANG_ENABLE_MODULES = YES;
				CLANG_ENABLE_OBJC_ARC = YES;
				CLANG_WARN_BOOL_CONVERSION = YES;
				CLANG_WARN_CONSTANT_CONVERSION = YES;
				CLANG_WARN_DIRECT_OBJC_ISA_USAGE = YES_ERROR;
				CLANG_WARN_EMPTY_BODY = YES;
				CLANG_WARN_ENUM_CONVERSION = YES;
				CLANG_WARN_INT_CONVERSION = YES;
				CLANG_WARN_OBJC_ROOT_CLASS = YES_ERROR;
				CLANG_WARN_UNREACHABLE_CODE = YES;
				CLANG_WARN__DUPLICATE_METHOD_MATCH = YES;
				CODE_SIGN_IDENTITY = "-";
				COPY_PHASE_STRIP = NO;
				DEBUG_INFORMATION_FORMAT = dwarf;
				ENABLE_STRICT_OBJC_MSGSEND = YES;
				ENABLE_TESTABILITY = YES;
				GCC_C_LANGUAGE_STANDARD = gnu99;
				GCC_DYNAMIC_NO_PIC = NO;
				GCC_NO_COMMON_BLOCKS = YES;
				GCC_OPTIMIZATION_LEVEL = 0;
				GCC_PREPROCESSOR_DEFINITIONS = (
					"DEBUG=1",
					"$(inherited)",
				);
				GCC_WARN_64_TO_32_BIT_CONVERSION = YES;
				GCC_WARN_ABOUT_RETURN_TYPE = YES_ERROR;
				GCC_WARN_UNDECLARED_SELECTOR = YES;
				GCC_WARN_UNINITIALIZED_AUTOS = YES_AGGRESSIVE;
				GCC_WARN_UNUSED_FUNCTION = YES;
				GCC_WARN_UNUSED_VARIABLE = YES;
				MACOSX_DEPLOYMENT_TARGET = 10.11;
				MTL_ENABLE_DEBUG_INFO = YES;
				ONLY_ACTIVE_ARCH = YES;
				SDKROOT = macosx;
			};
			name = Debug;
		};
		9727245F1C91DEF100A9649C /* Release */ = {
			isa = XCBuildConfiguration;
			buildSettings = {
				ALWAYS_SEARCH_USER_PATHS = NO;
				CLANG_CXX_LANGUAGE_STANDARD = "gnu++0x";
				CLANG_CXX_LIBRARY = "libc++";
				CLANG_ENABLE_MODULES = YES;
				CLANG_ENABLE_OBJC_ARC = YES;
				CLANG_WARN_BOOL_CONVERSION = YES;
				CLANG_WARN_CONSTANT_CONVERSION = YES;
				CLANG_WARN_DIRECT_OBJC_ISA_USAGE = YES_ERROR;
				CLANG_WARN_EMPTY_BODY = YES;
				CLANG_WARN_ENUM_CONVERSION = YES;
				CLANG_WARN_INT_CONVERSION = YES;
				CLANG_WARN_OBJC_ROOT_CLASS = YES_ERROR;
				CLANG_WARN_UNREACHABLE_CODE = YES;
				CLANG_WARN__DUPLICATE_METHOD_MATCH = YES;
				CODE_SIGN_IDENTITY = "-";
				COPY_PHASE_STRIP = NO;
				DEBUG_INFORMATION_FORMAT = "dwarf-with-dsym";
				ENABLE_NS_ASSERTIONS = NO;
				ENABLE_STRICT_OBJC_MSGSEND = YES;
				GCC_C_LANGUAGE_STANDARD = gnu99;
				GCC_NO_COMMON_BLOCKS = YES;
				GCC_WARN_64_TO_32_BIT_CONVERSION = YES;
				GCC_WARN_ABOUT_RETURN_TYPE = YES_ERROR;
				GCC_WARN_UNDECLARED_SELECTOR = YES;
				GCC_WARN_UNINITIALIZED_AUTOS = YES_AGGRESSIVE;
				GCC_WARN_UNUSED_FUNCTION = YES;
				GCC_WARN_UNUSED_VARIABLE = YES;
				MACOSX_DEPLOYMENT_TARGET = 10.11;
				MTL_ENABLE_DEBUG_INFO = NO;
				SDKROOT = macosx;
			};
			name = Release;
		};
		972724611C91DEF100A9649C /* Debug */ = {
			isa = XCBuildConfiguration;
			buildSettings = {
				PRODUCT_NAME = "$(TARGET_NAME)";
			};
			name = Debug;
		};
		972724621C91DEF100A9649C /* Release */ = {
			isa = XCBuildConfiguration;
			buildSettings = {
				PRODUCT_NAME = "$(TARGET_NAME)";
			};
			name = Release;
		};
/* End XCBuildConfiguration section */

/* Begin XCConfigurationList section */
		972724541C91DEF100A9649C /* Build configuration list for PBXProject "Sort Array" */ = {
			isa = XCConfigurationList;
			buildConfigurations = (
				9727245E1C91DEF100A9649C /* Debug */,
				9727245F1C91DEF100A9649C /* Release */,
			);
			defaultConfigurationIsVisible = 0;
			defaultConfigurationName = Release;
		};
		972724601C91DEF100A9649C /* Build configuration list for PBXNativeTarget "Sort Array" */ = {
			isa = XCConfigurationList;
			buildConfigurations = (
				972724611C91DEF100A9649C /* Debug */,
				972724621C91DEF100A9649C /* Release */,
			);
			defaultConfigurationIsVisible = 0;
			defaultConfigurationName = Release;
		};
/* End XCConfigurationList section */
	};
	rootObject = 972724511C91DEF100A9649C /* Project object */;
}
